
Microsoft Visual Studio Solution File, Format Version 12.00
# Visual Studio Version 17
VisualStudioVersion = 17.3.32825.248
MinimumVisualStudioVersion = 10.0.40219.1
Project("{FAE04EC0-301F-11D3-BF4B-00C04F79EFBC}") = "D46S9S_HFT_2023241.Client", "D46S9S_HFT_2023241.Client\D46S9S_HFT_2023241.Client.csproj", "{F2720391-3459-4ACC-BC48-6CDFA597DC70}"
EndProject
Project("{FAE04EC0-301F-11D3-BF4B-00C04F79EFBC}") = "D46S9S_HFT_2023241.Models", "D46S9S_HFT_2023241.Models\D46S9S_HFT_2023241.Models.csproj", "{A27E5725-C8A0-43DD-A015-A8338A60B624}"
EndProject
Project("{FAE04EC0-301F-11D3-BF4B-00C04F79EFBC}") = "D46S9S_HFT_2023241.Logic", "D46S9S_HFT_2023241.Logic\D46S9S_HFT_2023241.Logic.csproj", "{57540367-C80F-49A9-A9C1-86A5678D048C}"
EndProject
Project("{FAE04EC0-301F-11D3-BF4B-00C04F79EFBC}") = "D46S9S_HFT_2023241.Repository", "D46S9S_HFT_2023241.Repository\D46S9S_HFT_2023241.Repository.csproj", "{6AB000AA-785F-404B-B307-E149AFCA0DE9}"
EndProject
Project("{FAE04EC0-301F-11D3-BF4B-00C04F79EFBC}") = "D46S9S_HFT_2023241.Test", "D46S9S_HFT_2023241.Test\D46S9S_HFT_2023241.Test.csproj", "{773B8264-F63C-4D06-840A-EBB0AD9B3FAA}"
EndProject
Project("{FAE04EC0-301F-11D3-BF4B-00C04F79EFBC}") = "D46S9S_HFT_2023241.Endpoint", "D46S9S_HFT_2023241.Endpoint\D46S9S_HFT_2023241.Endpoint.csproj", "{3904C81B-8B26-497E-B6D1-D988D3301B55}"
EndProject
Project("{2150E333-8FDC-42A3-9474-1A3956D46DE8}") = "Backend", "Backend", "{BACF3346-71F1-42D8-89E9-4733E7801F33}"
EndProject
Project("{2150E333-8FDC-42A3-9474-1A3956D46DE8}") = "Frontend", "Frontend", "{AEF74D80-6A44-44FA-8A47-0BD4DC1B0A94}"
EndProject
Project("{2150E333-8FDC-42A3-9474-1A3956D46DE8}") = "Shared", "Shared", "{32EF8731-9B7F-4099-931E-7D02C24F6C87}"
EndProject
Global
	GlobalSection(SolutionConfigurationPlatforms) = preSolution
		Debug|Any CPU = Debug|Any CPU
		Release|Any CPU = Release|Any CPU
	EndGlobalSection
	GlobalSection(ProjectConfigurationPlatforms) = postSolution
		{F2720391-3459-4ACC-BC48-6CDFA597DC70}.Debug|Any CPU.ActiveCfg = Debug|Any CPU
		{F2720391-3459-4ACC-BC48-6CDFA597DC70}.Debug|Any CPU.Build.0 = Debug|Any CPU
		{F2720391-3459-4ACC-BC48-6CDFA597DC70}.Release|Any CPU.ActiveCfg = Release|Any CPU
		{F2720391-3459-4ACC-BC48-6CDFA597DC70}.Release|Any CPU.Build.0 = Release|Any CPU
		{A27E5725-C8A0-43DD-A015-A8338A60B624}.Debug|Any CPU.ActiveCfg = Debug|Any CPU
		{A27E5725-C8A0-43DD-A015-A8338A60B624}.Debug|Any CPU.Build.0 = Debug|Any CPU
		{A27E5725-C8A0-43DD-A015-A8338A60B624}.Release|Any CPU.ActiveCfg = Release|Any CPU
		{A27E5725-C8A0-43DD-A015-A8338A60B624}.Release|Any CPU.Build.0 = Release|Any CPU
		{57540367-C80F-49A9-A9C1-86A5678D048C}.Debug|Any CPU.ActiveCfg = Debug|Any CPU
		{57540367-C80F-49A9-A9C1-86A5678D048C}.Debug|Any CPU.Build.0 = Debug|Any CPU
		{57540367-C80F-49A9-A9C1-86A5678D048C}.Release|Any CPU.ActiveCfg = Release|Any CPU
		{57540367-C80F-49A9-A9C1-86A5678D048C}.Release|Any CPU.Build.0 = Release|Any CPU
		{6AB000AA-785F-404B-B307-E149AFCA0DE9}.Debug|Any CPU.ActiveCfg = Debug|Any CPU
		{6AB000AA-785F-404B-B307-E149AFCA0DE9}.Debug|Any CPU.Build.0 = Debug|Any CPU
		{6AB000AA-785F-404B-B307-E149AFCA0DE9}.Release|Any CPU.ActiveCfg = Release|Any CPU
		{6AB000AA-785F-404B-B307-E149AFCA0DE9}.Release|Any CPU.Build.0 = Release|Any CPU
		{773B8264-F63C-4D06-840A-EBB0AD9B3FAA}.Debug|Any CPU.ActiveCfg = Debug|Any CPU
		{773B8264-F63C-4D06-840A-EBB0AD9B3FAA}.Debug|Any CPU.Build.0 = Debug|Any CPU
		{773B8264-F63C-4D06-840A-EBB0AD9B3FAA}.Release|Any CPU.ActiveCfg = Release|Any CPU
		{773B8264-F63C-4D06-840A-EBB0AD9B3FAA}.Release|Any CPU.Build.0 = Release|Any CPU
		{3904C81B-8B26-497E-B6D1-D988D3301B55}.Debug|Any CPU.ActiveCfg = Debug|Any CPU
		{3904C81B-8B26-497E-B6D1-D988D3301B55}.Debug|Any CPU.Build.0 = Debug|Any CPU
		{3904C81B-8B26-497E-B6D1-D988D3301B55}.Release|Any CPU.ActiveCfg = Release|Any CPU
		{3904C81B-8B26-497E-B6D1-D988D3301B55}.Release|Any CPU.Build.0 = Release|Any CPU
	EndGlobalSection
	GlobalSection(SolutionProperties) = preSolution
		HideSolutionNode = FALSE
	EndGlobalSection
	GlobalSection(NestedProjects) = preSolution
		{F2720391-3459-4ACC-BC48-6CDFA597DC70} = {AEF74D80-6A44-44FA-8A47-0BD4DC1B0A94}
		{A27E5725-C8A0-43DD-A015-A8338A60B624} = {32EF8731-9B7F-4099-931E-7D02C24F6C87}
		{57540367-C80F-49A9-A9C1-86A5678D048C} = {BACF3346-71F1-42D8-89E9-4733E7801F33}
		{6AB000AA-785F-404B-B307-E149AFCA0DE9} = {BACF3346-71F1-42D8-89E9-4733E7801F33}
		{773B8264-F63C-4D06-840A-EBB0AD9B3FAA} = {BACF3346-71F1-42D8-89E9-4733E7801F33}
		{3904C81B-8B26-497E-B6D1-D988D3301B55} = {BACF3346-71F1-42D8-89E9-4733E7801F33}
	EndGlobalSection
	GlobalSection(ExtensibilityGlobals) = postSolution
		SolutionGuid = {F108BBF3-D762-456C-830D-17BCD0E3D957}
	EndGlobalSection
EndGlobal
